// !$*UTF8*$!
{
	archiveVersion = 1;
	classes = {
	};
	objectVersion = 55;
	objects = {

/* Begin PBXBuildFile section */
		1B31101D2836019A00699A47 /* FSCalendar in Frameworks */ = {isa = PBXBuildFile; productRef = 1B31101C2836019A00699A47 /* FSCalendar */; };
		1B31101F2836035100699A47 /* ContentDetailViewController.swift in Sources */ = {isa = PBXBuildFile; fileRef = 1B31101E2836035100699A47 /* ContentDetailViewController.swift */; };
		1B31102128360DF400699A47 /* DatePickerViewController.swift in Sources */ = {isa = PBXBuildFile; fileRef = 1B31102028360DF400699A47 /* DatePickerViewController.swift */; };
		1B3110232836142800699A47 /* CalendarViewController.swift in Sources */ = {isa = PBXBuildFile; fileRef = 1B3110222836142800699A47 /* CalendarViewController.swift */; };
		1B311026283666DB00699A47 /* HomeTableViewCell.swift in Sources */ = {isa = PBXBuildFile; fileRef = 1B311025283666DB00699A47 /* HomeTableViewCell.swift */; };
		1B3110282836680600699A47 /* HomeCollectionViewCell.swift in Sources */ = {isa = PBXBuildFile; fileRef = 1B3110272836680600699A47 /* HomeCollectionViewCell.swift */; };
		1B6366E4282CA1DD00172A1A /* AppDelegate.swift in Sources */ = {isa = PBXBuildFile; fileRef = 1B6366E3282CA1DD00172A1A /* AppDelegate.swift */; };
		1B6366E6282CA1DD00172A1A /* SceneDelegate.swift in Sources */ = {isa = PBXBuildFile; fileRef = 1B6366E5282CA1DD00172A1A /* SceneDelegate.swift */; };
		1B6366E8282CA1DD00172A1A /* TestViewController.swift in Sources */ = {isa = PBXBuildFile; fileRef = 1B6366E7282CA1DD00172A1A /* TestViewController.swift */; };
		1B6366EB282CA1DD00172A1A /* Main.storyboard in Resources */ = {isa = PBXBuildFile; fileRef = 1B6366E9282CA1DD00172A1A /* Main.storyboard */; };
		1B6366ED282CA1DF00172A1A /* Assets.xcassets in Resources */ = {isa = PBXBuildFile; fileRef = 1B6366EC282CA1DF00172A1A /* Assets.xcassets */; };
		1B6366F0282CA1DF00172A1A /* LaunchScreen.storyboard in Resources */ = {isa = PBXBuildFile; fileRef = 1B6366EE282CA1DF00172A1A /* LaunchScreen.storyboard */; };
		1B636701282CA2BE00172A1A /* SCDream8.otf in Resources */ = {isa = PBXBuildFile; fileRef = 1B6366F8282CA2BD00172A1A /* SCDream8.otf */; };
		1B636702282CA2BE00172A1A /* SCDream7.otf in Resources */ = {isa = PBXBuildFile; fileRef = 1B6366F9282CA2BD00172A1A /* SCDream7.otf */; };
		1B636703282CA2BE00172A1A /* SCDream6.otf in Resources */ = {isa = PBXBuildFile; fileRef = 1B6366FA282CA2BD00172A1A /* SCDream6.otf */; };
		1B636704282CA2BE00172A1A /* SCDream9.otf in Resources */ = {isa = PBXBuildFile; fileRef = 1B6366FB282CA2BD00172A1A /* SCDream9.otf */; };
		1B636705282CA2BE00172A1A /* SCDream4.otf in Resources */ = {isa = PBXBuildFile; fileRef = 1B6366FC282CA2BD00172A1A /* SCDream4.otf */; };
		1B636706282CA2BE00172A1A /* SCDream1.otf in Resources */ = {isa = PBXBuildFile; fileRef = 1B6366FD282CA2BD00172A1A /* SCDream1.otf */; };
		1B636707282CA2BE00172A1A /* SCDream5.otf in Resources */ = {isa = PBXBuildFile; fileRef = 1B6366FE282CA2BD00172A1A /* SCDream5.otf */; };
		1B636708282CA2BE00172A1A /* SCDream3.otf in Resources */ = {isa = PBXBuildFile; fileRef = 1B6366FF282CA2BE00172A1A /* SCDream3.otf */; };
		1B636709282CA2BE00172A1A /* SCDream2.otf in Resources */ = {isa = PBXBuildFile; fileRef = 1B636700282CA2BE00172A1A /* SCDream2.otf */; };
		1B63670C282CA5F700172A1A /* UIFont+Extension.swift in Sources */ = {isa = PBXBuildFile; fileRef = 1B63670B282CA5F700172A1A /* UIFont+Extension.swift */; };
		1B636714282CABF200172A1A /* WidgetKit.framework in Frameworks */ = {isa = PBXBuildFile; fileRef = 1B636713282CABF200172A1A /* WidgetKit.framework */; };
		1B636716282CABF200172A1A /* SwiftUI.framework in Frameworks */ = {isa = PBXBuildFile; fileRef = 1B636715282CABF200172A1A /* SwiftUI.framework */; };
		1B636719282CABF200172A1A /* rfrrg.swift in Sources */ = {isa = PBXBuildFile; fileRef = 1B636718282CABF200172A1A /* rfrrg.swift */; };
		1B63671C282CABF900172A1A /* Assets.xcassets in Resources */ = {isa = PBXBuildFile; fileRef = 1B63671B282CABF900172A1A /* Assets.xcassets */; };
		1B63671E282CABF900172A1A /* rfrrg.intentdefinition in Sources */ = {isa = PBXBuildFile; fileRef = 1B63671A282CABF200172A1A /* rfrrg.intentdefinition */; };
		1B63671F282CABF900172A1A /* rfrrg.intentdefinition in Sources */ = {isa = PBXBuildFile; fileRef = 1B63671A282CABF200172A1A /* rfrrg.intentdefinition */; };
		1B636723282CABF900172A1A /* rfrrgExtension.appex in Embed App Extensions */ = {isa = PBXBuildFile; fileRef = 1B636711282CABF200172A1A /* rfrrgExtension.appex */; settings = {ATTRIBUTES = (RemoveHeadersOnCopy, ); }; };
		1B63672E282CB51F00172A1A /* Localizable.strings in Resources */ = {isa = PBXBuildFile; fileRef = 1B636730282CB51F00172A1A /* Localizable.strings */; };
		1B636735282CB63F00172A1A /* Setting.strings in Resources */ = {isa = PBXBuildFile; fileRef = 1B636737282CB63F00172A1A /* Setting.strings */; };
		1B63673C282CB79C00172A1A /* InfoPlist.strings in Resources */ = {isa = PBXBuildFile; fileRef = 1B63673E282CB79C00172A1A /* InfoPlist.strings */; };
		1B636742282CB85C00172A1A /* String+Extension.swift in Sources */ = {isa = PBXBuildFile; fileRef = 1B636741282CB85C00172A1A /* String+Extension.swift */; };
		1B636744282CB8F000172A1A /* LocalizableStrings.swift in Sources */ = {isa = PBXBuildFile; fileRef = 1B636743282CB8F000172A1A /* LocalizableStrings.swift */; };
		1B636746282FF25000172A1A /* Home.storyboard in Resources */ = {isa = PBXBuildFile; fileRef = 1B636745282FF25000172A1A /* Home.storyboard */; };
		1B636748282FF25900172A1A /* Calendar.storyboard in Resources */ = {isa = PBXBuildFile; fileRef = 1B636747282FF25900172A1A /* Calendar.storyboard */; };
		1B63674A282FF26500172A1A /* Setting.storyboard in Resources */ = {isa = PBXBuildFile; fileRef = 1B636749282FF26500172A1A /* Setting.storyboard */; };
		1B63674C282FF27200172A1A /* Content.storyboard in Resources */ = {isa = PBXBuildFile; fileRef = 1B63674B282FF27200172A1A /* Content.storyboard */; };
		1B63674F282FF2B400172A1A /* Search.storyboard in Resources */ = {isa = PBXBuildFile; fileRef = 1B63674E282FF2B400172A1A /* Search.storyboard */; };
		1B636751282FF2C800172A1A /* SearchViewController.swift in Sources */ = {isa = PBXBuildFile; fileRef = 1B636750282FF2C800172A1A /* SearchViewController.swift */; };
		1B636753282FF2DA00172A1A /* HomeViewController.swift in Sources */ = {isa = PBXBuildFile; fileRef = 1B636752282FF2DA00172A1A /* HomeViewController.swift */; };
		1B636755282FF30300172A1A /* AddViewController.swift in Sources */ = {isa = PBXBuildFile; fileRef = 1B636754282FF30300172A1A /* AddViewController.swift */; };
		1B93AFC32831E92A00D1F2D3 /* Const.swift in Sources */ = {isa = PBXBuildFile; fileRef = 1B93AFC22831E92A00D1F2D3 /* Const.swift */; };
		1B93AFC52831E93F00D1F2D3 /* CustomCell.swift in Sources */ = {isa = PBXBuildFile; fileRef = 1B93AFC42831E93F00D1F2D3 /* CustomCell.swift */; };
		1B93AFC92831ECA800D1F2D3 /* SearchTableViewCell.swift in Sources */ = {isa = PBXBuildFile; fileRef = 1B93AFC72831ECA800D1F2D3 /* SearchTableViewCell.swift */; };
		1B93AFCA2831ECA800D1F2D3 /* SearchTableViewCell.xib in Resources */ = {isa = PBXBuildFile; fileRef = 1B93AFC82831ECA800D1F2D3 /* SearchTableViewCell.xib */; };
		1B9BB4CD2831EDC000CA4E44 /* ViewController.swift in Sources */ = {isa = PBXBuildFile; fileRef = 1B9BB4CC2831EDC000CA4E44 /* ViewController.swift */; };
		1B9BB4D02831F79800CA4E44 /* Realm in Frameworks */ = {isa = PBXBuildFile; productRef = 1B9BB4CF2831F79800CA4E44 /* Realm */; };
		1B9BB4D22831F79800CA4E44 /* RealmSwift in Frameworks */ = {isa = PBXBuildFile; productRef = 1B9BB4D12831F79800CA4E44 /* RealmSwift */; };
		1B9BB4D52831F82000CA4E44 /* RealmModel.swift in Sources */ = {isa = PBXBuildFile; fileRef = 1B9BB4D42831F82000CA4E44 /* RealmModel.swift */; };
		1B9BB4E72833417900CA4E44 /* SettingViewController.swift in Sources */ = {isa = PBXBuildFile; fileRef = 1B9BB4E62833417900CA4E44 /* SettingViewController.swift */; };
		1B9BB4EA2833445900CA4E44 /* Zip in Frameworks */ = {isa = PBXBuildFile; productRef = 1B9BB4E92833445900CA4E44 /* Zip */; };
/* End PBXBuildFile section */

/* Begin PBXContainerItemProxy section */
		1B636720282CABF900172A1A /* PBXContainerItemProxy */ = {
			isa = PBXContainerItemProxy;
			containerPortal = 1B6366D8282CA1DD00172A1A /* Project object */;
			proxyType = 1;
			remoteGlobalIDString = 1B636710282CABF200172A1A;
			remoteInfo = rfrrgExtension;
		};
/* End PBXContainerItemProxy section */

/* Begin PBXCopyFilesBuildPhase section */
		1B636722282CABF900172A1A /* Embed App Extensions */ = {
			isa = PBXCopyFilesBuildPhase;
			buildActionMask = 2147483647;
			dstPath = "";
			dstSubfolderSpec = 13;
			files = (
				1B636723282CABF900172A1A /* rfrrgExtension.appex in Embed App Extensions */,
			);
			name = "Embed App Extensions";
			runOnlyForDeploymentPostprocessing = 0;
		};
/* End PBXCopyFilesBuildPhase section */

/* Begin PBXFileReference section */
		1B31101E2836035100699A47 /* ContentDetailViewController.swift */ = {isa = PBXFileReference; lastKnownFileType = sourcecode.swift; path = ContentDetailViewController.swift; sourceTree = "<group>"; };
		1B31102028360DF400699A47 /* DatePickerViewController.swift */ = {isa = PBXFileReference; lastKnownFileType = sourcecode.swift; path = DatePickerViewController.swift; sourceTree = "<group>"; };
		1B3110222836142800699A47 /* CalendarViewController.swift */ = {isa = PBXFileReference; lastKnownFileType = sourcecode.swift; path = CalendarViewController.swift; sourceTree = "<group>"; };
		1B311025283666DB00699A47 /* HomeTableViewCell.swift */ = {isa = PBXFileReference; lastKnownFileType = sourcecode.swift; path = HomeTableViewCell.swift; sourceTree = "<group>"; };
		1B3110272836680600699A47 /* HomeCollectionViewCell.swift */ = {isa = PBXFileReference; lastKnownFileType = sourcecode.swift; path = HomeCollectionViewCell.swift; sourceTree = "<group>"; };
		1B6366E0282CA1DD00172A1A /* My 6Weeks.app */ = {isa = PBXFileReference; explicitFileType = wrapper.application; includeInIndex = 0; path = "My 6Weeks.app"; sourceTree = BUILT_PRODUCTS_DIR; };
		1B6366E3282CA1DD00172A1A /* AppDelegate.swift */ = {isa = PBXFileReference; lastKnownFileType = sourcecode.swift; path = AppDelegate.swift; sourceTree = "<group>"; };
		1B6366E5282CA1DD00172A1A /* SceneDelegate.swift */ = {isa = PBXFileReference; lastKnownFileType = sourcecode.swift; path = SceneDelegate.swift; sourceTree = "<group>"; };
		1B6366E7282CA1DD00172A1A /* TestViewController.swift */ = {isa = PBXFileReference; lastKnownFileType = sourcecode.swift; path = TestViewController.swift; sourceTree = "<group>"; };
		1B6366EA282CA1DD00172A1A /* Base */ = {isa = PBXFileReference; lastKnownFileType = file.storyboard; name = Base; path = Base.lproj/Main.storyboard; sourceTree = "<group>"; };
		1B6366EC282CA1DF00172A1A /* Assets.xcassets */ = {isa = PBXFileReference; lastKnownFileType = folder.assetcatalog; path = Assets.xcassets; sourceTree = "<group>"; };
		1B6366EF282CA1DF00172A1A /* Base */ = {isa = PBXFileReference; lastKnownFileType = file.storyboard; name = Base; path = Base.lproj/LaunchScreen.storyboard; sourceTree = "<group>"; };
		1B6366F1282CA1DF00172A1A /* Info.plist */ = {isa = PBXFileReference; lastKnownFileType = text.plist.xml; path = Info.plist; sourceTree = "<group>"; };
		1B6366F8282CA2BD00172A1A /* SCDream8.otf */ = {isa = PBXFileReference; lastKnownFileType = file; path = SCDream8.otf; sourceTree = "<group>"; };
		1B6366F9282CA2BD00172A1A /* SCDream7.otf */ = {isa = PBXFileReference; lastKnownFileType = file; path = SCDream7.otf; sourceTree = "<group>"; };
		1B6366FA282CA2BD00172A1A /* SCDream6.otf */ = {isa = PBXFileReference; lastKnownFileType = file; path = SCDream6.otf; sourceTree = "<group>"; };
		1B6366FB282CA2BD00172A1A /* SCDream9.otf */ = {isa = PBXFileReference; lastKnownFileType = file; path = SCDream9.otf; sourceTree = "<group>"; };
		1B6366FC282CA2BD00172A1A /* SCDream4.otf */ = {isa = PBXFileReference; lastKnownFileType = file; path = SCDream4.otf; sourceTree = "<group>"; };
		1B6366FD282CA2BD00172A1A /* SCDream1.otf */ = {isa = PBXFileReference; lastKnownFileType = file; path = SCDream1.otf; sourceTree = "<group>"; };
		1B6366FE282CA2BD00172A1A /* SCDream5.otf */ = {isa = PBXFileReference; lastKnownFileType = file; path = SCDream5.otf; sourceTree = "<group>"; };
		1B6366FF282CA2BE00172A1A /* SCDream3.otf */ = {isa = PBXFileReference; lastKnownFileType = file; path = SCDream3.otf; sourceTree = "<group>"; };
		1B636700282CA2BE00172A1A /* SCDream2.otf */ = {isa = PBXFileReference; lastKnownFileType = file; path = SCDream2.otf; sourceTree = "<group>"; };
		1B63670B282CA5F700172A1A /* UIFont+Extension.swift */ = {isa = PBXFileReference; lastKnownFileType = sourcecode.swift; path = "UIFont+Extension.swift"; sourceTree = "<group>"; };
		1B636711282CABF200172A1A /* rfrrgExtension.appex */ = {isa = PBXFileReference; explicitFileType = "wrapper.app-extension"; includeInIndex = 0; path = rfrrgExtension.appex; sourceTree = BUILT_PRODUCTS_DIR; };
		1B636713282CABF200172A1A /* WidgetKit.framework */ = {isa = PBXFileReference; lastKnownFileType = wrapper.framework; name = WidgetKit.framework; path = System/Library/Frameworks/WidgetKit.framework; sourceTree = SDKROOT; };
		1B636715282CABF200172A1A /* SwiftUI.framework */ = {isa = PBXFileReference; lastKnownFileType = wrapper.framework; name = SwiftUI.framework; path = System/Library/Frameworks/SwiftUI.framework; sourceTree = SDKROOT; };
		1B636718282CABF200172A1A /* rfrrg.swift */ = {isa = PBXFileReference; lastKnownFileType = sourcecode.swift; path = rfrrg.swift; sourceTree = "<group>"; };
		1B63671A282CABF200172A1A /* rfrrg.intentdefinition */ = {isa = PBXFileReference; lastKnownFileType = file.intentdefinition; path = rfrrg.intentdefinition; sourceTree = "<group>"; };
		1B63671B282CABF900172A1A /* Assets.xcassets */ = {isa = PBXFileReference; lastKnownFileType = folder.assetcatalog; path = Assets.xcassets; sourceTree = "<group>"; };
		1B63671D282CABF900172A1A /* Info.plist */ = {isa = PBXFileReference; lastKnownFileType = text.plist.xml; path = Info.plist; sourceTree = "<group>"; };
		1B636727282CAC4800172A1A /* ko */ = {isa = PBXFileReference; lastKnownFileType = text.plist.strings; name = ko; path = ko.lproj/Main.strings; sourceTree = "<group>"; };
		1B636728282CAC4800172A1A /* ko */ = {isa = PBXFileReference; lastKnownFileType = text.plist.strings; name = ko; path = ko.lproj/LaunchScreen.strings; sourceTree = "<group>"; };
		1B636729282CAC5A00172A1A /* ja */ = {isa = PBXFileReference; lastKnownFileType = text.plist.strings; name = ja; path = ja.lproj/Main.strings; sourceTree = "<group>"; };
		1B63672A282CAC5A00172A1A /* ja */ = {isa = PBXFileReference; lastKnownFileType = text.plist.strings; name = ja; path = ja.lproj/LaunchScreen.strings; sourceTree = "<group>"; };
		1B63672F282CB51F00172A1A /* en */ = {isa = PBXFileReference; lastKnownFileType = text.plist.strings; name = en; path = en.lproj/Localizable.strings; sourceTree = "<group>"; };
		1B636731282CB52D00172A1A /* ja */ = {isa = PBXFileReference; lastKnownFileType = text.plist.strings; name = ja; path = ja.lproj/Localizable.strings; sourceTree = "<group>"; };
		1B636732282CB53000172A1A /* ko */ = {isa = PBXFileReference; lastKnownFileType = text.plist.strings; name = ko; path = ko.lproj/Localizable.strings; sourceTree = "<group>"; };
		1B636736282CB63F00172A1A /* en */ = {isa = PBXFileReference; lastKnownFileType = text.plist.strings; name = en; path = en.lproj/Setting.strings; sourceTree = "<group>"; };
		1B636738282CB64200172A1A /* ja */ = {isa = PBXFileReference; lastKnownFileType = text.plist.strings; name = ja; path = ja.lproj/Setting.strings; sourceTree = "<group>"; };
		1B636739282CB64300172A1A /* ko */ = {isa = PBXFileReference; lastKnownFileType = text.plist.strings; name = ko; path = ko.lproj/Setting.strings; sourceTree = "<group>"; };
		1B63673D282CB79C00172A1A /* en */ = {isa = PBXFileReference; lastKnownFileType = text.plist.strings; name = en; path = en.lproj/InfoPlist.strings; sourceTree = "<group>"; };
		1B63673F282CB79C00172A1A /* ja */ = {isa = PBXFileReference; lastKnownFileType = text.plist.strings; name = ja; path = ja.lproj/InfoPlist.strings; sourceTree = "<group>"; };
		1B636740282CB79D00172A1A /* ko */ = {isa = PBXFileReference; lastKnownFileType = text.plist.strings; name = ko; path = ko.lproj/InfoPlist.strings; sourceTree = "<group>"; };
		1B636741282CB85C00172A1A /* String+Extension.swift */ = {isa = PBXFileReference; lastKnownFileType = sourcecode.swift; path = "String+Extension.swift"; sourceTree = "<group>"; };
		1B636743282CB8F000172A1A /* LocalizableStrings.swift */ = {isa = PBXFileReference; lastKnownFileType = sourcecode.swift; path = LocalizableStrings.swift; sourceTree = "<group>"; };
		1B636745282FF25000172A1A /* Home.storyboard */ = {isa = PBXFileReference; lastKnownFileType = file.storyboard; path = Home.storyboard; sourceTree = "<group>"; };
		1B636747282FF25900172A1A /* Calendar.storyboard */ = {isa = PBXFileReference; lastKnownFileType = file.storyboard; path = Calendar.storyboard; sourceTree = "<group>"; };
		1B636749282FF26500172A1A /* Setting.storyboard */ = {isa = PBXFileReference; lastKnownFileType = file.storyboard; path = Setting.storyboard; sourceTree = "<group>"; };
		1B63674B282FF27200172A1A /* Content.storyboard */ = {isa = PBXFileReference; lastKnownFileType = file.storyboard; path = Content.storyboard; sourceTree = "<group>"; };
		1B63674E282FF2B400172A1A /* Search.storyboard */ = {isa = PBXFileReference; lastKnownFileType = file.storyboard; path = Search.storyboard; sourceTree = "<group>"; };
		1B636750282FF2C800172A1A /* SearchViewController.swift */ = {isa = PBXFileReference; lastKnownFileType = sourcecode.swift; path = SearchViewController.swift; sourceTree = "<group>"; };
		1B636752282FF2DA00172A1A /* HomeViewController.swift */ = {isa = PBXFileReference; lastKnownFileType = sourcecode.swift; path = HomeViewController.swift; sourceTree = "<group>"; };
		1B636754282FF30300172A1A /* AddViewController.swift */ = {isa = PBXFileReference; lastKnownFileType = sourcecode.swift; path = AddViewController.swift; sourceTree = "<group>"; };
		1B93AFC22831E92A00D1F2D3 /* Const.swift */ = {isa = PBXFileReference; lastKnownFileType = sourcecode.swift; path = Const.swift; sourceTree = "<group>"; };
		1B93AFC42831E93F00D1F2D3 /* CustomCell.swift */ = {isa = PBXFileReference; lastKnownFileType = sourcecode.swift; path = CustomCell.swift; sourceTree = "<group>"; };
		1B93AFC72831ECA800D1F2D3 /* SearchTableViewCell.swift */ = {isa = PBXFileReference; fileEncoding = 4; lastKnownFileType = sourcecode.swift; path = SearchTableViewCell.swift; sourceTree = "<group>"; };
		1B93AFC82831ECA800D1F2D3 /* SearchTableViewCell.xib */ = {isa = PBXFileReference; fileEncoding = 4; lastKnownFileType = file.xib; path = SearchTableViewCell.xib; sourceTree = "<group>"; };
		1B9BB4CC2831EDC000CA4E44 /* ViewController.swift */ = {isa = PBXFileReference; lastKnownFileType = sourcecode.swift; path = ViewController.swift; sourceTree = "<group>"; };
		1B9BB4D42831F82000CA4E44 /* RealmModel.swift */ = {isa = PBXFileReference; lastKnownFileType = sourcecode.swift; path = RealmModel.swift; sourceTree = "<group>"; };
		1B9BB4E62833417900CA4E44 /* SettingViewController.swift */ = {isa = PBXFileReference; lastKnownFileType = sourcecode.swift; path = SettingViewController.swift; sourceTree = "<group>"; };
/* End PBXFileReference section */

/* Begin PBXFrameworksBuildPhase section */
		1B6366DD282CA1DD00172A1A /* Frameworks */ = {
			isa = PBXFrameworksBuildPhase;
			buildActionMask = 2147483647;
			files = (
				1B9BB4EA2833445900CA4E44 /* Zip in Frameworks */,
				1B31101D2836019A00699A47 /* FSCalendar in Frameworks */,
				1B9BB4D22831F79800CA4E44 /* RealmSwift in Frameworks */,
				1B9BB4D02831F79800CA4E44 /* Realm in Frameworks */,
			);
			runOnlyForDeploymentPostprocessing = 0;
		};
		1B63670E282CABF200172A1A /* Frameworks */ = {
			isa = PBXFrameworksBuildPhase;
			buildActionMask = 2147483647;
			files = (
				1B636716282CABF200172A1A /* SwiftUI.framework in Frameworks */,
				1B636714282CABF200172A1A /* WidgetKit.framework in Frameworks */,
			);
			runOnlyForDeploymentPostprocessing = 0;
		};
/* End PBXFrameworksBuildPhase section */

/* Begin PBXGroup section */
		1B311024283666B700699A47 /* CustomViewCell */ = {
			isa = PBXGroup;
			children = (
				1B93AFC72831ECA800D1F2D3 /* SearchTableViewCell.swift */,
				1B93AFC82831ECA800D1F2D3 /* SearchTableViewCell.xib */,
				1B311025283666DB00699A47 /* HomeTableViewCell.swift */,
				1B3110272836680600699A47 /* HomeCollectionViewCell.swift */,
			);
			path = CustomViewCell;
			sourceTree = "<group>";
		};
		1B6366D7282CA1DD00172A1A = {
			isa = PBXGroup;
			children = (
				1B6366E2282CA1DD00172A1A /* My 6Weeks */,
				1B636717282CABF200172A1A /* rfrrg */,
				1B636712282CABF200172A1A /* Frameworks */,
				1B6366E1282CA1DD00172A1A /* Products */,
			);
			sourceTree = "<group>";
		};
		1B6366E1282CA1DD00172A1A /* Products */ = {
			isa = PBXGroup;
			children = (
				1B6366E0282CA1DD00172A1A /* My 6Weeks.app */,
				1B636711282CABF200172A1A /* rfrrgExtension.appex */,
			);
			name = Products;
			sourceTree = "<group>";
		};
		1B6366E2282CA1DD00172A1A /* My 6Weeks */ = {
			isa = PBXGroup;
			children = (
				1B311024283666B700699A47 /* CustomViewCell */,
				1B9BB4D32831F81300CA4E44 /* Realm */,
				1B93AFBD28312E3300D1F2D3 /* Consts */,
				1B63672B282CB4E200172A1A /* Localization */,
				1B63670A282CA5D700172A1A /* Extension */,
				1B6366F7282CA24400172A1A /* Font */,
				1B6366E3282CA1DD00172A1A /* AppDelegate.swift */,
				1B6366E5282CA1DD00172A1A /* SceneDelegate.swift */,
				1B63674D282FF27A00172A1A /* Storyboard */,
				1B6366E7282CA1DD00172A1A /* TestViewController.swift */,
				1B6366E9282CA1DD00172A1A /* Main.storyboard */,
				1B636756282FF31D00172A1A /* ViewController */,
				1B6366EC282CA1DF00172A1A /* Assets.xcassets */,
				1B6366EE282CA1DF00172A1A /* LaunchScreen.storyboard */,
				1B6366F1282CA1DF00172A1A /* Info.plist */,
			);
			path = "My 6Weeks";
			sourceTree = "<group>";
		};
		1B6366F7282CA24400172A1A /* Font */ = {
			isa = PBXGroup;
			children = (
				1B6366FD282CA2BD00172A1A /* SCDream1.otf */,
				1B636700282CA2BE00172A1A /* SCDream2.otf */,
				1B6366FF282CA2BE00172A1A /* SCDream3.otf */,
				1B6366FC282CA2BD00172A1A /* SCDream4.otf */,
				1B6366FE282CA2BD00172A1A /* SCDream5.otf */,
				1B6366FA282CA2BD00172A1A /* SCDream6.otf */,
				1B6366F9282CA2BD00172A1A /* SCDream7.otf */,
				1B6366F8282CA2BD00172A1A /* SCDream8.otf */,
				1B6366FB282CA2BD00172A1A /* SCDream9.otf */,
			);
			path = Font;
			sourceTree = "<group>";
		};
		1B63670A282CA5D700172A1A /* Extension */ = {
			isa = PBXGroup;
			children = (
				1B63670B282CA5F700172A1A /* UIFont+Extension.swift */,
				1B636741282CB85C00172A1A /* String+Extension.swift */,
			);
			path = Extension;
			sourceTree = "<group>";
		};
		1B636712282CABF200172A1A /* Frameworks */ = {
			isa = PBXGroup;
			children = (
				1B636713282CABF200172A1A /* WidgetKit.framework */,
				1B636715282CABF200172A1A /* SwiftUI.framework */,
			);
			name = Frameworks;
			sourceTree = "<group>";
		};
		1B636717282CABF200172A1A /* rfrrg */ = {
			isa = PBXGroup;
			children = (
				1B636718282CABF200172A1A /* rfrrg.swift */,
				1B63671A282CABF200172A1A /* rfrrg.intentdefinition */,
				1B63671B282CABF900172A1A /* Assets.xcassets */,
				1B63671D282CABF900172A1A /* Info.plist */,
			);
			path = rfrrg;
			sourceTree = "<group>";
		};
		1B63672B282CB4E200172A1A /* Localization */ = {
			isa = PBXGroup;
			children = (
				1B636737282CB63F00172A1A /* Setting.strings */,
				1B636730282CB51F00172A1A /* Localizable.strings */,
				1B63673E282CB79C00172A1A /* InfoPlist.strings */,
				1B636743282CB8F000172A1A /* LocalizableStrings.swift */,
			);
			path = Localization;
			sourceTree = "<group>";
		};
		1B63674D282FF27A00172A1A /* Storyboard */ = {
			isa = PBXGroup;
			children = (
				1B636745282FF25000172A1A /* Home.storyboard */,
				1B636747282FF25900172A1A /* Calendar.storyboard */,
				1B63674E282FF2B400172A1A /* Search.storyboard */,
				1B636749282FF26500172A1A /* Setting.storyboard */,
				1B63674B282FF27200172A1A /* Content.storyboard */,
			);
			path = Storyboard;
			sourceTree = "<group>";
		};
		1B636756282FF31D00172A1A /* ViewController */ = {
			isa = PBXGroup;
			children = (
				1B636750282FF2C800172A1A /* SearchViewController.swift */,
				1B636752282FF2DA00172A1A /* HomeViewController.swift */,
				1B31101E2836035100699A47 /* ContentDetailViewController.swift */,
				1B3110222836142800699A47 /* CalendarViewController.swift */,
				1B31102028360DF400699A47 /* DatePickerViewController.swift */,
				1B636754282FF30300172A1A /* AddViewController.swift */,
				1B9BB4E62833417900CA4E44 /* SettingViewController.swift */,
			);
			path = ViewController;
			sourceTree = "<group>";
		};
		1B93AFBD28312E3300D1F2D3 /* Consts */ = {
			isa = PBXGroup;
			children = (
				1B93AFC22831E92A00D1F2D3 /* Const.swift */,
				1B93AFC42831E93F00D1F2D3 /* CustomCell.swift */,
				1B9BB4CC2831EDC000CA4E44 /* ViewController.swift */,
			);
			path = Consts;
			sourceTree = "<group>";
		};
		1B9BB4D32831F81300CA4E44 /* Realm */ = {
			isa = PBXGroup;
			children = (
				1B9BB4D42831F82000CA4E44 /* RealmModel.swift */,
			);
			path = Realm;
			sourceTree = "<group>";
		};
/* End PBXGroup section */

/* Begin PBXNativeTarget section */
		1B6366DF282CA1DD00172A1A /* My 6Weeks */ = {
			isa = PBXNativeTarget;
			buildConfigurationList = 1B6366F4282CA1DF00172A1A /* Build configuration list for PBXNativeTarget "My 6Weeks" */;
			buildPhases = (
				1B6366DC282CA1DD00172A1A /* Sources */,
				1B6366DD282CA1DD00172A1A /* Frameworks */,
				1B6366DE282CA1DD00172A1A /* Resources */,
				1B636722282CABF900172A1A /* Embed App Extensions */,
			);
			buildRules = (
			);
			dependencies = (
				1B636721282CABF900172A1A /* PBXTargetDependency */,
			);
			name = "My 6Weeks";
			packageProductDependencies = (
				1B9BB4CF2831F79800CA4E44 /* Realm */,
				1B9BB4D12831F79800CA4E44 /* RealmSwift */,
				1B9BB4E92833445900CA4E44 /* Zip */,
				1B31101C2836019A00699A47 /* FSCalendar */,
			);
			productName = "My 6Weeks";
			productReference = 1B6366E0282CA1DD00172A1A /* My 6Weeks.app */;
			productType = "com.apple.product-type.application";
		};
		1B636710282CABF200172A1A /* rfrrgExtension */ = {
			isa = PBXNativeTarget;
			buildConfigurationList = 1B636724282CABF900172A1A /* Build configuration list for PBXNativeTarget "rfrrgExtension" */;
			buildPhases = (
				1B63670D282CABF200172A1A /* Sources */,
				1B63670E282CABF200172A1A /* Frameworks */,
				1B63670F282CABF200172A1A /* Resources */,
			);
			buildRules = (
			);
			dependencies = (
			);
			name = rfrrgExtension;
			productName = rfrrgExtension;
			productReference = 1B636711282CABF200172A1A /* rfrrgExtension.appex */;
			productType = "com.apple.product-type.app-extension";
		};
/* End PBXNativeTarget section */

/* Begin PBXProject section */
		1B6366D8282CA1DD00172A1A /* Project object */ = {
			isa = PBXProject;
			attributes = {
				BuildIndependentTargetsInParallel = 1;
				LastSwiftUpdateCheck = 1330;
				LastUpgradeCheck = 1330;
				TargetAttributes = {
					1B6366DF282CA1DD00172A1A = {
						CreatedOnToolsVersion = 13.3.1;
					};
					1B636710282CABF200172A1A = {
						CreatedOnToolsVersion = 13.3.1;
					};
				};
			};
			buildConfigurationList = 1B6366DB282CA1DD00172A1A /* Build configuration list for PBXProject "My 6Weeks" */;
			compatibilityVersion = "Xcode 13.0";
			developmentRegion = en;
			hasScannedForEncodings = 0;
			knownRegions = (
				en,
				Base,
				ko,
				ja,
			);
			mainGroup = 1B6366D7282CA1DD00172A1A;
			packageReferences = (
				1B9BB4CE2831F79800CA4E44 /* XCRemoteSwiftPackageReference "realm-swift" */,
				1B9BB4E82833445900CA4E44 /* XCRemoteSwiftPackageReference "Zip" */,
				1B31101B2836019A00699A47 /* XCRemoteSwiftPackageReference "FSCalendar" */,
			);
			productRefGroup = 1B6366E1282CA1DD00172A1A /* Products */;
			projectDirPath = "";
			projectRoot = "";
			targets = (
				1B6366DF282CA1DD00172A1A /* My 6Weeks */,
				1B636710282CABF200172A1A /* rfrrgExtension */,
			);
		};
/* End PBXProject section */

/* Begin PBXResourcesBuildPhase section */
		1B6366DE282CA1DD00172A1A /* Resources */ = {
			isa = PBXResourcesBuildPhase;
			buildActionMask = 2147483647;
			files = (
				1B636709282CA2BE00172A1A /* SCDream2.otf in Resources */,
				1B636703282CA2BE00172A1A /* SCDream6.otf in Resources */,
				1B636702282CA2BE00172A1A /* SCDream7.otf in Resources */,
				1B636748282FF25900172A1A /* Calendar.storyboard in Resources */,
				1B6366F0282CA1DF00172A1A /* LaunchScreen.storyboard in Resources */,
				1B63674A282FF26500172A1A /* Setting.storyboard in Resources */,
				1B63673C282CB79C00172A1A /* InfoPlist.strings in Resources */,
				1B636708282CA2BE00172A1A /* SCDream3.otf in Resources */,
				1B636706282CA2BE00172A1A /* SCDream1.otf in Resources */,
				1B6366ED282CA1DF00172A1A /* Assets.xcassets in Resources */,
				1B636707282CA2BE00172A1A /* SCDream5.otf in Resources */,
				1B93AFCA2831ECA800D1F2D3 /* SearchTableViewCell.xib in Resources */,
				1B63674C282FF27200172A1A /* Content.storyboard in Resources */,
				1B636704282CA2BE00172A1A /* SCDream9.otf in Resources */,
				1B63672E282CB51F00172A1A /* Localizable.strings in Resources */,
				1B63674F282FF2B400172A1A /* Search.storyboard in Resources */,
				1B636701282CA2BE00172A1A /* SCDream8.otf in Resources */,
				1B636735282CB63F00172A1A /* Setting.strings in Resources */,
				1B636705282CA2BE00172A1A /* SCDream4.otf in Resources */,
				1B6366EB282CA1DD00172A1A /* Main.storyboard in Resources */,
				1B636746282FF25000172A1A /* Home.storyboard in Resources */,
			);
			runOnlyForDeploymentPostprocessing = 0;
		};
		1B63670F282CABF200172A1A /* Resources */ = {
			isa = PBXResourcesBuildPhase;
			buildActionMask = 2147483647;
			files = (
				1B63671C282CABF900172A1A /* Assets.xcassets in Resources */,
			);
			runOnlyForDeploymentPostprocessing = 0;
		};
/* End PBXResourcesBuildPhase section */

/* Begin PBXSourcesBuildPhase section */
		1B6366DC282CA1DD00172A1A /* Sources */ = {
			isa = PBXSourcesBuildPhase;
			buildActionMask = 2147483647;
			files = (
				1B636755282FF30300172A1A /* AddViewController.swift in Sources */,
				1B93AFC52831E93F00D1F2D3 /* CustomCell.swift in Sources */,
				1B31102128360DF400699A47 /* DatePickerViewController.swift in Sources */,
				1B6366E8282CA1DD00172A1A /* TestViewController.swift in Sources */,
				1B9BB4E72833417900CA4E44 /* SettingViewController.swift in Sources */,
				1B31101F2836035100699A47 /* ContentDetailViewController.swift in Sources */,
				1B311026283666DB00699A47 /* HomeTableViewCell.swift in Sources */,
				1B6366E4282CA1DD00172A1A /* AppDelegate.swift in Sources */,
				1B9BB4CD2831EDC000CA4E44 /* ViewController.swift in Sources */,
				1B636751282FF2C800172A1A /* SearchViewController.swift in Sources */,
				1B93AFC32831E92A00D1F2D3 /* Const.swift in Sources */,
				1B3110232836142800699A47 /* CalendarViewController.swift in Sources */,
				1B636744282CB8F000172A1A /* LocalizableStrings.swift in Sources */,
				1B63671F282CABF900172A1A /* rfrrg.intentdefinition in Sources */,
				1B3110282836680600699A47 /* HomeCollectionViewCell.swift in Sources */,
				1B93AFC92831ECA800D1F2D3 /* SearchTableViewCell.swift in Sources */,
				1B636753282FF2DA00172A1A /* HomeViewController.swift in Sources */,
				1B63670C282CA5F700172A1A /* UIFont+Extension.swift in Sources */,
				1B636742282CB85C00172A1A /* String+Extension.swift in Sources */,
				1B9BB4D52831F82000CA4E44 /* RealmModel.swift in Sources */,
				1B6366E6282CA1DD00172A1A /* SceneDelegate.swift in Sources */,
			);
			runOnlyForDeploymentPostprocessing = 0;
		};
		1B63670D282CABF200172A1A /* Sources */ = {
			isa = PBXSourcesBuildPhase;
			buildActionMask = 2147483647;
			files = (
				1B63671E282CABF900172A1A /* rfrrg.intentdefinition in Sources */,
				1B636719282CABF200172A1A /* rfrrg.swift in Sources */,
			);
			runOnlyForDeploymentPostprocessing = 0;
		};
/* End PBXSourcesBuildPhase section */

/* Begin PBXTargetDependency section */
		1B636721282CABF900172A1A /* PBXTargetDependency */ = {
			isa = PBXTargetDependency;
			target = 1B636710282CABF200172A1A /* rfrrgExtension */;
			targetProxy = 1B636720282CABF900172A1A /* PBXContainerItemProxy */;
		};
/* End PBXTargetDependency section */

/* Begin PBXVariantGroup section */
		1B6366E9282CA1DD00172A1A /* Main.storyboard */ = {
			isa = PBXVariantGroup;
			children = (
				1B6366EA282CA1DD00172A1A /* Base */,
				1B636727282CAC4800172A1A /* ko */,
				1B636729282CAC5A00172A1A /* ja */,
			);
			name = Main.storyboard;
			sourceTree = "<group>";
		};
		1B6366EE282CA1DF00172A1A /* LaunchScreen.storyboard */ = {
			isa = PBXVariantGroup;
			children = (
				1B6366EF282CA1DF00172A1A /* Base */,
				1B636728282CAC4800172A1A /* ko */,
				1B63672A282CAC5A00172A1A /* ja */,
			);
			name = LaunchScreen.storyboard;
			sourceTree = "<group>";
		};
		1B636730282CB51F00172A1A /* Localizable.strings */ = {
			isa = PBXVariantGroup;
			children = (
				1B63672F282CB51F00172A1A /* en */,
				1B636731282CB52D00172A1A /* ja */,
				1B636732282CB53000172A1A /* ko */,
			);
			name = Localizable.strings;
			sourceTree = "<group>";
		};
		1B636737282CB63F00172A1A /* Setting.strings */ = {
			isa = PBXVariantGroup;
			children = (
				1B636736282CB63F00172A1A /* en */,
				1B636738282CB64200172A1A /* ja */,
				1B636739282CB64300172A1A /* ko */,
			);
			name = Setting.strings;
			sourceTree = "<group>";
		};
		1B63673E282CB79C00172A1A /* InfoPlist.strings */ = {
			isa = PBXVariantGroup;
			children = (
				1B63673D282CB79C00172A1A /* en */,
				1B63673F282CB79C00172A1A /* ja */,
				1B636740282CB79D00172A1A /* ko */,
			);
			name = InfoPlist.strings;
			sourceTree = "<group>";
		};
/* End PBXVariantGroup section */

/* Begin XCBuildConfiguration section */
		1B6366F2282CA1DF00172A1A /* Debug */ = {
			isa = XCBuildConfiguration;
			buildSettings = {
				ALWAYS_SEARCH_USER_PATHS = NO;
				CLANG_ANALYZER_LOCALIZABILITY_NONLOCALIZED = YES;
				CLANG_ANALYZER_NONNULL = YES;
				CLANG_ANALYZER_NUMBER_OBJECT_CONVERSION = YES_AGGRESSIVE;
				CLANG_CXX_LANGUAGE_STANDARD = "gnu++17";
				CLANG_ENABLE_MODULES = YES;
				CLANG_ENABLE_OBJC_ARC = YES;
				CLANG_ENABLE_OBJC_WEAK = YES;
				CLANG_WARN_BLOCK_CAPTURE_AUTORELEASING = YES;
				CLANG_WARN_BOOL_CONVERSION = YES;
				CLANG_WARN_COMMA = YES;
				CLANG_WARN_CONSTANT_CONVERSION = YES;
				CLANG_WARN_DEPRECATED_OBJC_IMPLEMENTATIONS = YES;
				CLANG_WARN_DIRECT_OBJC_ISA_USAGE = YES_ERROR;
				CLANG_WARN_DOCUMENTATION_COMMENTS = YES;
				CLANG_WARN_EMPTY_BODY = YES;
				CLANG_WARN_ENUM_CONVERSION = YES;
				CLANG_WARN_INFINITE_RECURSION = YES;
				CLANG_WARN_INT_CONVERSION = YES;
				CLANG_WARN_NON_LITERAL_NULL_CONVERSION = YES;
				CLANG_WARN_OBJC_IMPLICIT_RETAIN_SELF = YES;
				CLANG_WARN_OBJC_LITERAL_CONVERSION = YES;
				CLANG_WARN_OBJC_ROOT_CLASS = YES_ERROR;
				CLANG_WARN_QUOTED_INCLUDE_IN_FRAMEWORK_HEADER = YES;
				CLANG_WARN_RANGE_LOOP_ANALYSIS = YES;
				CLANG_WARN_STRICT_PROTOTYPES = YES;
				CLANG_WARN_SUSPICIOUS_MOVE = YES;
				CLANG_WARN_UNGUARDED_AVAILABILITY = YES_AGGRESSIVE;
				CLANG_WARN_UNREACHABLE_CODE = YES;
				CLANG_WARN__DUPLICATE_METHOD_MATCH = YES;
				COPY_PHASE_STRIP = NO;
				DEBUG_INFORMATION_FORMAT = dwarf;
				ENABLE_STRICT_OBJC_MSGSEND = YES;
				ENABLE_TESTABILITY = YES;
				GCC_C_LANGUAGE_STANDARD = gnu11;
				GCC_DYNAMIC_NO_PIC = NO;
				GCC_NO_COMMON_BLOCKS = YES;
				GCC_OPTIMIZATION_LEVEL = 0;
				GCC_PREPROCESSOR_DEFINITIONS = (
					"DEBUG=1",
					"$(inherited)",
				);
				GCC_WARN_64_TO_32_BIT_CONVERSION = YES;
				GCC_WARN_ABOUT_RETURN_TYPE = YES_ERROR;
				GCC_WARN_UNDECLARED_SELECTOR = YES;
				GCC_WARN_UNINITIALIZED_AUTOS = YES_AGGRESSIVE;
				GCC_WARN_UNUSED_FUNCTION = YES;
				GCC_WARN_UNUSED_VARIABLE = YES;
				IPHONEOS_DEPLOYMENT_TARGET = 15.0;
				MTL_ENABLE_DEBUG_INFO = INCLUDE_SOURCE;
				MTL_FAST_MATH = YES;
				ONLY_ACTIVE_ARCH = YES;
				SDKROOT = iphoneos;
				SWIFT_ACTIVE_COMPILATION_CONDITIONS = DEBUG;
				SWIFT_OPTIMIZATION_LEVEL = "-Onone";
			};
			name = Debug;
		};
		1B6366F3282CA1DF00172A1A /* Release */ = {
			isa = XCBuildConfiguration;
			buildSettings = {
				ALWAYS_SEARCH_USER_PATHS = NO;
				CLANG_ANALYZER_LOCALIZABILITY_NONLOCALIZED = YES;
				CLANG_ANALYZER_NONNULL = YES;
				CLANG_ANALYZER_NUMBER_OBJECT_CONVERSION = YES_AGGRESSIVE;
				CLANG_CXX_LANGUAGE_STANDARD = "gnu++17";
				CLANG_ENABLE_MODULES = YES;
				CLANG_ENABLE_OBJC_ARC = YES;
				CLANG_ENABLE_OBJC_WEAK = YES;
				CLANG_WARN_BLOCK_CAPTURE_AUTORELEASING = YES;
				CLANG_WARN_BOOL_CONVERSION = YES;
				CLANG_WARN_COMMA = YES;
				CLANG_WARN_CONSTANT_CONVERSION = YES;
				CLANG_WARN_DEPRECATED_OBJC_IMPLEMENTATIONS = YES;
				CLANG_WARN_DIRECT_OBJC_ISA_USAGE = YES_ERROR;
				CLANG_WARN_DOCUMENTATION_COMMENTS = YES;
				CLANG_WARN_EMPTY_BODY = YES;
				CLANG_WARN_ENUM_CONVERSION = YES;
				CLANG_WARN_INFINITE_RECURSION = YES;
				CLANG_WARN_INT_CONVERSION = YES;
				CLANG_WARN_NON_LITERAL_NULL_CONVERSION = YES;
				CLANG_WARN_OBJC_IMPLICIT_RETAIN_SELF = YES;
				CLANG_WARN_OBJC_LITERAL_CONVERSION = YES;
				CLANG_WARN_OBJC_ROOT_CLASS = YES_ERROR;
				CLANG_WARN_QUOTED_INCLUDE_IN_FRAMEWORK_HEADER = YES;
				CLANG_WARN_RANGE_LOOP_ANALYSIS = YES;
				CLANG_WARN_STRICT_PROTOTYPES = YES;
				CLANG_WARN_SUSPICIOUS_MOVE = YES;
				CLANG_WARN_UNGUARDED_AVAILABILITY = YES_AGGRESSIVE;
				CLANG_WARN_UNREACHABLE_CODE = YES;
				CLANG_WARN__DUPLICATE_METHOD_MATCH = YES;
				COPY_PHASE_STRIP = NO;
				DEBUG_INFORMATION_FORMAT = "dwarf-with-dsym";
				ENABLE_NS_ASSERTIONS = NO;
				ENABLE_STRICT_OBJC_MSGSEND = YES;
				GCC_C_LANGUAGE_STANDARD = gnu11;
				GCC_NO_COMMON_BLOCKS = YES;
				GCC_WARN_64_TO_32_BIT_CONVERSION = YES;
				GCC_WARN_ABOUT_RETURN_TYPE = YES_ERROR;
				GCC_WARN_UNDECLARED_SELECTOR = YES;
				GCC_WARN_UNINITIALIZED_AUTOS = YES_AGGRESSIVE;
				GCC_WARN_UNUSED_FUNCTION = YES;
				GCC_WARN_UNUSED_VARIABLE = YES;
				IPHONEOS_DEPLOYMENT_TARGET = 15.0;
				MTL_ENABLE_DEBUG_INFO = NO;
				MTL_FAST_MATH = YES;
				SDKROOT = iphoneos;
				SWIFT_COMPILATION_MODE = wholemodule;
				SWIFT_OPTIMIZATION_LEVEL = "-O";
				VALIDATE_PRODUCT = YES;
			};
			name = Release;
		};
		1B6366F5282CA1DF00172A1A /* Debug */ = {
			isa = XCBuildConfiguration;
			buildSettings = {
				ALWAYS_EMBED_SWIFT_STANDARD_LIBRARIES = YES;
				ASSETCATALOG_COMPILER_APPICON_NAME = AppIcon;
				ASSETCATALOG_COMPILER_GLOBAL_ACCENT_COLOR_NAME = AccentColor;
				CODE_SIGN_STYLE = Automatic;
				CURRENT_PROJECT_VERSION = 1;
				DEVELOPMENT_TEAM = 53Z24SDX77;
				GENERATE_INFOPLIST_FILE = YES;
				INFOPLIST_FILE = "My 6Weeks/Info.plist";
				INFOPLIST_KEY_UIApplicationSupportsIndirectInputEvents = YES;
				INFOPLIST_KEY_UILaunchStoryboardName = LaunchScreen;
				INFOPLIST_KEY_UIMainStoryboardFile = Main;
				INFOPLIST_KEY_UISupportedInterfaceOrientations_iPad = "UIInterfaceOrientationPortrait UIInterfaceOrientationPortraitUpsideDown UIInterfaceOrientationLandscapeLeft UIInterfaceOrientationLandscapeRight";
				INFOPLIST_KEY_UISupportedInterfaceOrientations_iPhone = "UIInterfaceOrientationPortrait UIInterfaceOrientationLandscapeLeft UIInterfaceOrientationLandscapeRight";
				IPHONEOS_DEPLOYMENT_TARGET = 15.0;
				LD_RUNPATH_SEARCH_PATHS = (
					"$(inherited)",
					"@executable_path/Frameworks",
				);
				MARKETING_VERSION = 1.0;
				PRODUCT_BUNDLE_IDENTIFIER = "com.bro.My-6Weeks";
				PRODUCT_NAME = "$(TARGET_NAME)";
				SWIFT_EMIT_LOC_STRINGS = YES;
				SWIFT_VERSION = 5.0;
				TARGETED_DEVICE_FAMILY = "1,2";
			};
			name = Debug;
		};
		1B6366F6282CA1DF00172A1A /* Release */ = {
			isa = XCBuildConfiguration;
			buildSettings = {
				ALWAYS_EMBED_SWIFT_STANDARD_LIBRARIES = YES;
				ASSETCATALOG_COMPILER_APPICON_NAME = AppIcon;
				ASSETCATALOG_COMPILER_GLOBAL_ACCENT_COLOR_NAME = AccentColor;
				CODE_SIGN_STYLE = Automatic;
				CURRENT_PROJECT_VERSION = 1;
				DEVELOPMENT_TEAM = 53Z24SDX77;
				GENERATE_INFOPLIST_FILE = YES;
				INFOPLIST_FILE = "My 6Weeks/Info.plist";
				INFOPLIST_KEY_UIApplicationSupportsIndirectInputEvents = YES;
				INFOPLIST_KEY_UILaunchStoryboardName = LaunchScreen;
				INFOPLIST_KEY_UIMainStoryboardFile = Main;
				INFOPLIST_KEY_UISupportedInterfaceOrientations_iPad = "UIInterfaceOrientationPortrait UIInterfaceOrientationPortraitUpsideDown UIInterfaceOrientationLandscapeLeft UIInterfaceOrientationLandscapeRight";
				INFOPLIST_KEY_UISupportedInterfaceOrientations_iPhone = "UIInterfaceOrientationPortrait UIInterfaceOrientationLandscapeLeft UIInterfaceOrientationLandscapeRight";
				IPHONEOS_DEPLOYMENT_TARGET = 15.0;
				LD_RUNPATH_SEARCH_PATHS = (
					"$(inherited)",
					"@executable_path/Frameworks",
				);
				MARKETING_VERSION = 1.0;
				PRODUCT_BUNDLE_IDENTIFIER = "com.bro.My-6Weeks";
				PRODUCT_NAME = "$(TARGET_NAME)";
				SWIFT_EMIT_LOC_STRINGS = YES;
				SWIFT_VERSION = 5.0;
				TARGETED_DEVICE_FAMILY = "1,2";
			};
			name = Release;
		};
		1B636725282CABF900172A1A /* Debug */ = {
			isa = XCBuildConfiguration;
			buildSettings = {
				ASSETCATALOG_COMPILER_GLOBAL_ACCENT_COLOR_NAME = AccentColor;
				ASSETCATALOG_COMPILER_WIDGET_BACKGROUND_COLOR_NAME = WidgetBackground;
				CODE_SIGN_STYLE = Automatic;
				CURRENT_PROJECT_VERSION = 1;
				DEVELOPMENT_TEAM = 53Z24SDX77;
				GENERATE_INFOPLIST_FILE = YES;
				INFOPLIST_FILE = rfrrg/Info.plist;
				INFOPLIST_KEY_CFBundleDisplayName = rfrrg;
				INFOPLIST_KEY_NSHumanReadableCopyright = "";
				LD_RUNPATH_SEARCH_PATHS = (
					"$(inherited)",
					"@executable_path/Frameworks",
					"@executable_path/../../Frameworks",
				);
				MARKETING_VERSION = 1.0;
				PRODUCT_BUNDLE_IDENTIFIER = "com.bro.My-6Weeks.rfrrg";
				PRODUCT_NAME = "$(TARGET_NAME)";
				SKIP_INSTALL = YES;
				SWIFT_EMIT_LOC_STRINGS = YES;
				SWIFT_VERSION = 5.0;
				TARGETED_DEVICE_FAMILY = "1,2";
			};
			name = Debug;
		};
		1B636726282CABF900172A1A /* Release */ = {
			isa = XCBuildConfiguration;
			buildSettings = {
				ASSETCATALOG_COMPILER_GLOBAL_ACCENT_COLOR_NAME = AccentColor;
				ASSETCATALOG_COMPILER_WIDGET_BACKGROUND_COLOR_NAME = WidgetBackground;
				CODE_SIGN_STYLE = Automatic;
				CURRENT_PROJECT_VERSION = 1;
				DEVELOPMENT_TEAM = 53Z24SDX77;
				GENERATE_INFOPLIST_FILE = YES;
				INFOPLIST_FILE = rfrrg/Info.plist;
				INFOPLIST_KEY_CFBundleDisplayName = rfrrg;
				INFOPLIST_KEY_NSHumanReadableCopyright = "";
				LD_RUNPATH_SEARCH_PATHS = (
					"$(inherited)",
					"@executable_path/Frameworks",
					"@executable_path/../../Frameworks",
				);
				MARKETING_VERSION = 1.0;
				PRODUCT_BUNDLE_IDENTIFIER = "com.bro.My-6Weeks.rfrrg";
				PRODUCT_NAME = "$(TARGET_NAME)";
				SKIP_INSTALL = YES;
				SWIFT_EMIT_LOC_STRINGS = YES;
				SWIFT_VERSION = 5.0;
				TARGETED_DEVICE_FAMILY = "1,2";
			};
			name = Release;
		};
/* End XCBuildConfiguration section */

/* Begin XCConfigurationList section */
		1B6366DB282CA1DD00172A1A /* Build configuration list for PBXProject "My 6Weeks" */ = {
			isa = XCConfigurationList;
			buildConfigurations = (
				1B6366F2282CA1DF00172A1A /* Debug */,
				1B6366F3282CA1DF00172A1A /* Release */,
			);
			defaultConfigurationIsVisible = 0;
			defaultConfigurationName = Release;
		};
		1B6366F4282CA1DF00172A1A /* Build configuration list for PBXNativeTarget "My 6Weeks" */ = {
			isa = XCConfigurationList;
			buildConfigurations = (
				1B6366F5282CA1DF00172A1A /* Debug */,
				1B6366F6282CA1DF00172A1A /* Release */,
			);
			defaultConfigurationIsVisible = 0;
			defaultConfigurationName = Release;
		};
		1B636724282CABF900172A1A /* Build configuration list for PBXNativeTarget "rfrrgExtension" */ = {
			isa = XCConfigurationList;
			buildConfigurations = (
				1B636725282CABF900172A1A /* Debug */,
				1B636726282CABF900172A1A /* Release */,
			);
			defaultConfigurationIsVisible = 0;
			defaultConfigurationName = Release;
		};
/* End XCConfigurationList section */

/* Begin XCRemoteSwiftPackageReference section */
		1B31101B2836019A00699A47 /* XCRemoteSwiftPackageReference "FSCalendar" */ = {
			isa = XCRemoteSwiftPackageReference;
			repositoryURL = "https://github.com/WenchaoD/FSCalendar.git";
			requirement = {
				branch = master;
				kind = branch;
			};
		};
		1B9BB4CE2831F79800CA4E44 /* XCRemoteSwiftPackageReference "realm-swift" */ = {
			isa = XCRemoteSwiftPackageReference;
			repositoryURL = "https://github.com/realm/realm-swift.git";
			requirement = {
				kind = upToNextMajorVersion;
				minimumVersion = 10.18.0;
			};
		};
		1B9BB4E82833445900CA4E44 /* XCRemoteSwiftPackageReference "Zip" */ = {
			isa = XCRemoteSwiftPackageReference;
			repositoryURL = "https://github.com/marmelroy/Zip.git";
			requirement = {
				kind = upToNextMajorVersion;
				minimumVersion = 2.0.0;
			};
		};
/* End XCRemoteSwiftPackageReference section */

/* Begin XCSwiftPackageProductDependency section */
		1B31101C2836019A00699A47 /* FSCalendar */ = {
			isa = XCSwiftPackageProductDependency;
			package = 1B31101B2836019A00699A47 /* XCRemoteSwiftPackageReference "FSCalendar" */;
			productName = FSCalendar;
		};
		1B9BB4CF2831F79800CA4E44 /* Realm */ = {
			isa = XCSwiftPackageProductDependency;
			package = 1B9BB4CE2831F79800CA4E44 /* XCRemoteSwiftPackageReference "realm-swift" */;
			productName = Realm;
		};
		1B9BB4D12831F79800CA4E44 /* RealmSwift */ = {
			isa = XCSwiftPackageProductDependency;
			package = 1B9BB4CE2831F79800CA4E44 /* XCRemoteSwiftPackageReference "realm-swift" */;
			productName = RealmSwift;
		};
		1B9BB4E92833445900CA4E44 /* Zip */ = {
			isa = XCSwiftPackageProductDependency;
			package = 1B9BB4E82833445900CA4E44 /* XCRemoteSwiftPackageReference "Zip" */;
			productName = Zip;
		};
/* End XCSwiftPackageProductDependency section */
	};
	rootObject = 1B6366D8282CA1DD00172A1A /* Project object */;
}
